# This file is autogenerated, do not edit; changes may be undone by the next 'dep ensure'.


[[projects]]
  branch = "master"
  name = "github.com/google/shlex"
  packages = ["."]
  revision = "6f45313302b9c56850fc17f99e40caebce98c716"

[[projects]]
  branch = "master"
  name = "github.com/mdwhatcott/spin"
  packages = ["."]
  revision = "7083b4c1eb7f33e52aebafd7e1c9dd4df845658a"

[solve-meta]
  analyzer-name = "dep"
  analyzer-version = 1
  inputs-digest = "a59f14b547ee8899c1451adb904495a6fd107fb1c19f69fc84efc4d0c0a66686"
  solver-name = "gps-cdcl"
  solver-version = 1
