# This file is autogenerated, do not edit; changes may be undone by the next 'dep ensure'.


[[projects]]
  branch = "master"
  name = "github.com/google/shlex"
  packages = ["."]
  revision = "6f45313302b9c56850fc17f99e40caebce98c716"

[solve-meta]
  analyzer-name = "dep"
  analyzer-version = 1
  inputs-digest = "68d23d01380c9a4c363a906a3b7b324bbeb600a4f3c816a82c3264aa5e08561b"
  solver-name = "gps-cdcl"
  solver-version = 1
